
Microsoft Visual Studio Solution File, Format Version 12.00
# Visual Studio Version 17
VisualStudioVersion = 17.8.34330.188
MinimumVisualStudioVersion = 10.0.40219.1
Project("{9A19103F-16F7-4668-BE54-9A1E7A4F7556}") = "Editor", "Editor\Editor.csproj", "{86AE7C3F-3231-4E02-B3C5-52B1C1E3758A}"
EndProject
Project("{9A19103F-16F7-4668-BE54-9A1E7A4F7556}") = "NodeBehavior", "NodeView\NodeBehavior.csproj", "{4C3C870C-743E-4381-AAD9-454E5BFAC561}"
EndProject
Global
	GlobalSection(SolutionConfigurationPlatforms) = preSolution
		Debug|Any CPU = Debug|Any CPU
		Release|Any CPU = Release|Any CPU
	EndGlobalSection
	GlobalSection(ProjectConfigurationPlatforms) = postSolution
		{86AE7C3F-3231-4E02-B3C5-52B1C1E3758A}.Debug|Any CPU.ActiveCfg = Debug|Any CPU
		{86AE7C3F-3231-4E02-B3C5-52B1C1E3758A}.Debug|Any CPU.Build.0 = Debug|Any CPU
		{86AE7C3F-3231-4E02-B3C5-52B1C1E3758A}.Release|Any CPU.ActiveCfg = Release|Any CPU
		{86AE7C3F-3231-4E02-B3C5-52B1C1E3758A}.Release|Any CPU.Build.0 = Release|Any CPU
		{4C3C870C-743E-4381-AAD9-454E5BFAC561}.Debug|Any CPU.ActiveCfg = Debug|Any CPU
		{4C3C870C-743E-4381-AAD9-454E5BFAC561}.Debug|Any CPU.Build.0 = Debug|Any CPU
		{4C3C870C-743E-4381-AAD9-454E5BFAC561}.Release|Any CPU.ActiveCfg = Release|Any CPU
		{4C3C870C-743E-4381-AAD9-454E5BFAC561}.Release|Any CPU.Build.0 = Release|Any CPU
	EndGlobalSection
	GlobalSection(SolutionProperties) = preSolution
		HideSolutionNode = FALSE
	EndGlobalSection
	GlobalSection(ExtensibilityGlobals) = postSolution
		SolutionGuid = {9D9EB332-3951-4451-AD72-087151EFBF91}
	EndGlobalSection
EndGlobal
